// !$*UTF8*$!
{
	archiveVersion = 1;
	classes = {
	};
	objectVersion = 56;
	objects = {

/* Begin PBXBuildFile section */
		850DA7F22CA9562900B76018 /* AFHTTPClientSingleton.swift in Sources */ = {isa = PBXBuildFile; fileRef = 850DA7F12CA9562900B76018 /* AFHTTPClientSingleton.swift */; };
		851094E32C99F1D700EFA427 /* AppDelegate.swift in Sources */ = {isa = PBXBuildFile; fileRef = 851094E22C99F1D700EFA427 /* AppDelegate.swift */; };
		851094E52C99F1D700EFA427 /* SceneDelegate.swift in Sources */ = {isa = PBXBuildFile; fileRef = 851094E42C99F1D700EFA427 /* SceneDelegate.swift */; };
		851094E72C99F1D700EFA427 /* ListViewController.swift in Sources */ = {isa = PBXBuildFile; fileRef = 851094E62C99F1D700EFA427 /* ListViewController.swift */; };
		851094EC2C99F1D800EFA427 /* Assets.xcassets in Resources */ = {isa = PBXBuildFile; fileRef = 851094EB2C99F1D800EFA427 /* Assets.xcassets */; };
		851094EF2C99F1D800EFA427 /* Base in Resources */ = {isa = PBXBuildFile; fileRef = 851094EE2C99F1D800EFA427 /* Base */; };
		851094FA2C99F1D800EFA427 /* FakeStoreListDetailTests.swift in Sources */ = {isa = PBXBuildFile; fileRef = 851094F92C99F1D800EFA427 /* FakeStoreListDetailTests.swift */; };
		851095042C99F1D800EFA427 /* FakeStoreListDetailUITests.swift in Sources */ = {isa = PBXBuildFile; fileRef = 851095032C99F1D800EFA427 /* FakeStoreListDetailUITests.swift */; };
		851095062C99F1D800EFA427 /* FakeStoreListDetailUITestsLaunchTests.swift in Sources */ = {isa = PBXBuildFile; fileRef = 851095052C99F1D800EFA427 /* FakeStoreListDetailUITestsLaunchTests.swift */; };
		851095132C99F28200EFA427 /* List.storyboard in Resources */ = {isa = PBXBuildFile; fileRef = 851095122C99F28200EFA427 /* List.storyboard */; };
		851095182C99FCA200EFA427 /* DetailViewController.swift in Sources */ = {isa = PBXBuildFile; fileRef = 851095172C99FCA200EFA427 /* DetailViewController.swift */; };
		8510951A2C99FCAA00EFA427 /* Detail.storyboard in Resources */ = {isa = PBXBuildFile; fileRef = 851095192C99FCAA00EFA427 /* Detail.storyboard */; };
		8535F5352CA5F9E300C987A8 /* RemoteProductsLoader.swift in Sources */ = {isa = PBXBuildFile; fileRef = 8535F5342CA5F9E300C987A8 /* RemoteProductsLoader.swift */; };
		8535F5382CA5FA0C00C987A8 /* ProductsItemMapper.swift in Sources */ = {isa = PBXBuildFile; fileRef = 8535F5372CA5FA0C00C987A8 /* ProductsItemMapper.swift */; };
		8535F53A2CA5FA2E00C987A8 /* HTTPClient.swift in Sources */ = {isa = PBXBuildFile; fileRef = 8535F5392CA5FA2E00C987A8 /* HTTPClient.swift */; };
		8535F53C2CA5FA4500C987A8 /* URLSessionHTTPClient.swift in Sources */ = {isa = PBXBuildFile; fileRef = 8535F53B2CA5FA4500C987A8 /* URLSessionHTTPClient.swift */; };
		8535F53F2CA5FA6800C987A8 /* MockProductsLoader.swift in Sources */ = {isa = PBXBuildFile; fileRef = 8535F53E2CA5FA6800C987A8 /* MockProductsLoader.swift */; };
		8535F5422CA5FE1600C987A8 /* Alamofire in Frameworks */ = {isa = PBXBuildFile; productRef = 8535F5412CA5FE1600C987A8 /* Alamofire */; };
		8535F5442CA6801700C987A8 /* AFHTTPClient.swift in Sources */ = {isa = PBXBuildFile; fileRef = 8535F5432CA67FFF00C987A8 /* AFHTTPClient.swift */; };
		85E378512C9B7A4A005BF449 /* ProductsLoader.swift in Sources */ = {isa = PBXBuildFile; fileRef = 85E378502C9B7A4A005BF449 /* ProductsLoader.swift */; };
/* End PBXBuildFile section */

/* Begin PBXContainerItemProxy section */
		851094F62C99F1D800EFA427 /* PBXContainerItemProxy */ = {
			isa = PBXContainerItemProxy;
			containerPortal = 851094D72C99F1D700EFA427 /* Project object */;
			proxyType = 1;
			remoteGlobalIDString = 851094DE2C99F1D700EFA427;
			remoteInfo = FakeStoreListDetail;
		};
		851095002C99F1D800EFA427 /* PBXContainerItemProxy */ = {
			isa = PBXContainerItemProxy;
			containerPortal = 851094D72C99F1D700EFA427 /* Project object */;
			proxyType = 1;
			remoteGlobalIDString = 851094DE2C99F1D700EFA427;
			remoteInfo = FakeStoreListDetail;
		};
/* End PBXContainerItemProxy section */

/* Begin PBXFileReference section */
		850DA7F12CA9562900B76018 /* AFHTTPClientSingleton.swift */ = {isa = PBXFileReference; lastKnownFileType = sourcecode.swift; path = AFHTTPClientSingleton.swift; sourceTree = "<group>"; };
		851094DF2C99F1D700EFA427 /* FakeStoreListDetail.app */ = {isa = PBXFileReference; explicitFileType = wrapper.application; includeInIndex = 0; path = FakeStoreListDetail.app; sourceTree = BUILT_PRODUCTS_DIR; };
		851094E22C99F1D700EFA427 /* AppDelegate.swift */ = {isa = PBXFileReference; lastKnownFileType = sourcecode.swift; path = AppDelegate.swift; sourceTree = "<group>"; };
		851094E42C99F1D700EFA427 /* SceneDelegate.swift */ = {isa = PBXFileReference; lastKnownFileType = sourcecode.swift; path = SceneDelegate.swift; sourceTree = "<group>"; };
		851094E62C99F1D700EFA427 /* ListViewController.swift */ = {isa = PBXFileReference; lastKnownFileType = sourcecode.swift; path = ListViewController.swift; sourceTree = "<group>"; };
		851094EB2C99F1D800EFA427 /* Assets.xcassets */ = {isa = PBXFileReference; lastKnownFileType = folder.assetcatalog; path = Assets.xcassets; sourceTree = "<group>"; };
		851094EE2C99F1D800EFA427 /* Base */ = {isa = PBXFileReference; lastKnownFileType = file.storyboard; name = Base; path = Base.lproj/LaunchScreen.storyboard; sourceTree = "<group>"; };
		851094F02C99F1D800EFA427 /* Info.plist */ = {isa = PBXFileReference; lastKnownFileType = text.plist.xml; path = Info.plist; sourceTree = "<group>"; };
		851094F52C99F1D800EFA427 /* FakeStoreListDetailTests.xctest */ = {isa = PBXFileReference; explicitFileType = wrapper.cfbundle; includeInIndex = 0; path = FakeStoreListDetailTests.xctest; sourceTree = BUILT_PRODUCTS_DIR; };
		851094F92C99F1D800EFA427 /* FakeStoreListDetailTests.swift */ = {isa = PBXFileReference; lastKnownFileType = sourcecode.swift; path = FakeStoreListDetailTests.swift; sourceTree = "<group>"; };
		851094FF2C99F1D800EFA427 /* FakeStoreListDetailUITests.xctest */ = {isa = PBXFileReference; explicitFileType = wrapper.cfbundle; includeInIndex = 0; path = FakeStoreListDetailUITests.xctest; sourceTree = BUILT_PRODUCTS_DIR; };
		851095032C99F1D800EFA427 /* FakeStoreListDetailUITests.swift */ = {isa = PBXFileReference; lastKnownFileType = sourcecode.swift; path = FakeStoreListDetailUITests.swift; sourceTree = "<group>"; };
		851095052C99F1D800EFA427 /* FakeStoreListDetailUITestsLaunchTests.swift */ = {isa = PBXFileReference; lastKnownFileType = sourcecode.swift; path = FakeStoreListDetailUITestsLaunchTests.swift; sourceTree = "<group>"; };
		851095122C99F28200EFA427 /* List.storyboard */ = {isa = PBXFileReference; lastKnownFileType = file.storyboard; path = List.storyboard; sourceTree = "<group>"; };
		851095172C99FCA200EFA427 /* DetailViewController.swift */ = {isa = PBXFileReference; lastKnownFileType = sourcecode.swift; path = DetailViewController.swift; sourceTree = "<group>"; };
		851095192C99FCAA00EFA427 /* Detail.storyboard */ = {isa = PBXFileReference; lastKnownFileType = file.storyboard; path = Detail.storyboard; sourceTree = "<group>"; };
		8535F5342CA5F9E300C987A8 /* RemoteProductsLoader.swift */ = {isa = PBXFileReference; lastKnownFileType = sourcecode.swift; path = RemoteProductsLoader.swift; sourceTree = "<group>"; };
		8535F5372CA5FA0C00C987A8 /* ProductsItemMapper.swift */ = {isa = PBXFileReference; lastKnownFileType = sourcecode.swift; path = ProductsItemMapper.swift; sourceTree = "<group>"; };
		8535F5392CA5FA2E00C987A8 /* HTTPClient.swift */ = {isa = PBXFileReference; lastKnownFileType = sourcecode.swift; path = HTTPClient.swift; sourceTree = "<group>"; };
		8535F53B2CA5FA4500C987A8 /* URLSessionHTTPClient.swift */ = {isa = PBXFileReference; lastKnownFileType = sourcecode.swift; path = URLSessionHTTPClient.swift; sourceTree = "<group>"; };
		8535F53E2CA5FA6800C987A8 /* MockProductsLoader.swift */ = {isa = PBXFileReference; lastKnownFileType = sourcecode.swift; path = MockProductsLoader.swift; sourceTree = "<group>"; };
		8535F5432CA67FFF00C987A8 /* AFHTTPClient.swift */ = {isa = PBXFileReference; lastKnownFileType = sourcecode.swift; path = AFHTTPClient.swift; sourceTree = "<group>"; };
		85E378502C9B7A4A005BF449 /* ProductsLoader.swift */ = {isa = PBXFileReference; lastKnownFileType = sourcecode.swift; path = ProductsLoader.swift; sourceTree = "<group>"; };
/* End PBXFileReference section */

/* Begin PBXFrameworksBuildPhase section */
		851094DC2C99F1D700EFA427 /* Frameworks */ = {
			isa = PBXFrameworksBuildPhase;
			buildActionMask = 2147483647;
			files = (
				8535F5422CA5FE1600C987A8 /* Alamofire in Frameworks */,
			);
			runOnlyForDeploymentPostprocessing = 0;
		};
		851094F22C99F1D800EFA427 /* Frameworks */ = {
			isa = PBXFrameworksBuildPhase;
			buildActionMask = 2147483647;
			files = (
			);
			runOnlyForDeploymentPostprocessing = 0;
		};
		851094FC2C99F1D800EFA427 /* Frameworks */ = {
			isa = PBXFrameworksBuildPhase;
			buildActionMask = 2147483647;
			files = (
			);
			runOnlyForDeploymentPostprocessing = 0;
		};
/* End PBXFrameworksBuildPhase section */

/* Begin PBXGroup section */
		851094D62C99F1D700EFA427 = {
			isa = PBXGroup;
			children = (
				851094E12C99F1D700EFA427 /* FakeStoreListDetail */,
				851094F82C99F1D800EFA427 /* FakeStoreListDetailTests */,
				851095022C99F1D800EFA427 /* FakeStoreListDetailUITests */,
				851094E02C99F1D700EFA427 /* Products */,
			);
			sourceTree = "<group>";
		};
		851094E02C99F1D700EFA427 /* Products */ = {
			isa = PBXGroup;
			children = (
				851094DF2C99F1D700EFA427 /* FakeStoreListDetail.app */,
				851094F52C99F1D800EFA427 /* FakeStoreListDetailTests.xctest */,
				851094FF2C99F1D800EFA427 /* FakeStoreListDetailUITests.xctest */,
			);
			name = Products;
			sourceTree = "<group>";
		};
		851094E12C99F1D700EFA427 /* FakeStoreListDetail */ = {
			isa = PBXGroup;
			children = (
				851094E22C99F1D700EFA427 /* AppDelegate.swift */,
				851094E42C99F1D700EFA427 /* SceneDelegate.swift */,
				851095142C99F28500EFA427 /* List */,
				851095162C99FC8C00EFA427 /* Detail */,
				851094F02C99F1D800EFA427 /* Info.plist */,
				851095152C99F29900EFA427 /* Resources */,
				8535F5392CA5FA2E00C987A8 /* HTTPClient.swift */,
			);
			path = FakeStoreListDetail;
			sourceTree = "<group>";
		};
		851094F82C99F1D800EFA427 /* FakeStoreListDetailTests */ = {
			isa = PBXGroup;
			children = (
				851094F92C99F1D800EFA427 /* FakeStoreListDetailTests.swift */,
			);
			path = FakeStoreListDetailTests;
			sourceTree = "<group>";
		};
		851095022C99F1D800EFA427 /* FakeStoreListDetailUITests */ = {
			isa = PBXGroup;
			children = (
				851095032C99F1D800EFA427 /* FakeStoreListDetailUITests.swift */,
				851095052C99F1D800EFA427 /* FakeStoreListDetailUITestsLaunchTests.swift */,
			);
			path = FakeStoreListDetailUITests;
			sourceTree = "<group>";
		};
		851095142C99F28500EFA427 /* List */ = {
			isa = PBXGroup;
			children = (
				8535F53D2CA5FA5B00C987A8 /* Mock */,
				8535F5362CA5F9FA00C987A8 /* Remote */,
				851094E62C99F1D700EFA427 /* ListViewController.swift */,
				851095122C99F28200EFA427 /* List.storyboard */,
				85E378502C9B7A4A005BF449 /* ProductsLoader.swift */,
			);
			path = List;
			sourceTree = "<group>";
		};
		851095152C99F29900EFA427 /* Resources */ = {
			isa = PBXGroup;
			children = (
				851094EB2C99F1D800EFA427 /* Assets.xcassets */,
				851094ED2C99F1D800EFA427 /* LaunchScreen.storyboard */,
			);
			path = Resources;
			sourceTree = "<group>";
		};
		851095162C99FC8C00EFA427 /* Detail */ = {
			isa = PBXGroup;
			children = (
				851095172C99FCA200EFA427 /* DetailViewController.swift */,
				851095192C99FCAA00EFA427 /* Detail.storyboard */,
			);
			path = Detail;
			sourceTree = "<group>";
		};
		8535F5362CA5F9FA00C987A8 /* Remote */ = {
			isa = PBXGroup;
			children = (
				8535F5432CA67FFF00C987A8 /* AFHTTPClient.swift */,
				8535F5342CA5F9E300C987A8 /* RemoteProductsLoader.swift */,
				8535F5372CA5FA0C00C987A8 /* ProductsItemMapper.swift */,
				8535F53B2CA5FA4500C987A8 /* URLSessionHTTPClient.swift */,
				850DA7F12CA9562900B76018 /* AFHTTPClientSingleton.swift */,
			);
			path = Remote;
			sourceTree = "<group>";
		};
		8535F53D2CA5FA5B00C987A8 /* Mock */ = {
			isa = PBXGroup;
			children = (
				8535F53E2CA5FA6800C987A8 /* MockProductsLoader.swift */,
			);
			path = Mock;
			sourceTree = "<group>";
		};
/* End PBXGroup section */

/* Begin PBXNativeTarget section */
		851094DE2C99F1D700EFA427 /* FakeStoreListDetail */ = {
			isa = PBXNativeTarget;
			buildConfigurationList = 851095092C99F1D800EFA427 /* Build configuration list for PBXNativeTarget "FakeStoreListDetail" */;
			buildPhases = (
				851094DB2C99F1D700EFA427 /* Sources */,
				851094DC2C99F1D700EFA427 /* Frameworks */,
				851094DD2C99F1D700EFA427 /* Resources */,
			);
			buildRules = (
			);
			dependencies = (
			);
			name = FakeStoreListDetail;
			productName = FakeStoreListDetail;
			productReference = 851094DF2C99F1D700EFA427 /* FakeStoreListDetail.app */;
			productType = "com.apple.product-type.application";
		};
		851094F42C99F1D800EFA427 /* FakeStoreListDetailTests */ = {
			isa = PBXNativeTarget;
			buildConfigurationList = 8510950C2C99F1D800EFA427 /* Build configuration list for PBXNativeTarget "FakeStoreListDetailTests" */;
			buildPhases = (
				851094F12C99F1D800EFA427 /* Sources */,
				851094F22C99F1D800EFA427 /* Frameworks */,
				851094F32C99F1D800EFA427 /* Resources */,
			);
			buildRules = (
			);
			dependencies = (
				851094F72C99F1D800EFA427 /* PBXTargetDependency */,
			);
			name = FakeStoreListDetailTests;
			productName = FakeStoreListDetailTests;
			productReference = 851094F52C99F1D800EFA427 /* FakeStoreListDetailTests.xctest */;
			productType = "com.apple.product-type.bundle.unit-test";
		};
		851094FE2C99F1D800EFA427 /* FakeStoreListDetailUITests */ = {
			isa = PBXNativeTarget;
			buildConfigurationList = 8510950F2C99F1D800EFA427 /* Build configuration list for PBXNativeTarget "FakeStoreListDetailUITests" */;
			buildPhases = (
				851094FB2C99F1D800EFA427 /* Sources */,
				851094FC2C99F1D800EFA427 /* Frameworks */,
				851094FD2C99F1D800EFA427 /* Resources */,
			);
			buildRules = (
			);
			dependencies = (
				851095012C99F1D800EFA427 /* PBXTargetDependency */,
			);
			name = FakeStoreListDetailUITests;
			productName = FakeStoreListDetailUITests;
			productReference = 851094FF2C99F1D800EFA427 /* FakeStoreListDetailUITests.xctest */;
			productType = "com.apple.product-type.bundle.ui-testing";
		};
/* End PBXNativeTarget section */

/* Begin PBXProject section */
		851094D72C99F1D700EFA427 /* Project object */ = {
			isa = PBXProject;
			attributes = {
				BuildIndependentTargetsInParallel = 1;
				LastSwiftUpdateCheck = 1540;
				LastUpgradeCheck = 1540;
				TargetAttributes = {
					851094DE2C99F1D700EFA427 = {
						CreatedOnToolsVersion = 15.4;
					};
					851094F42C99F1D800EFA427 = {
						CreatedOnToolsVersion = 15.4;
						TestTargetID = 851094DE2C99F1D700EFA427;
					};
					851094FE2C99F1D800EFA427 = {
						CreatedOnToolsVersion = 15.4;
						TestTargetID = 851094DE2C99F1D700EFA427;
					};
				};
			};
			buildConfigurationList = 851094DA2C99F1D700EFA427 /* Build configuration list for PBXProject "FakeStoreListDetail" */;
			compatibilityVersion = "Xcode 14.0";
			developmentRegion = en;
			hasScannedForEncodings = 0;
			knownRegions = (
				en,
				Base,
			);
			mainGroup = 851094D62C99F1D700EFA427;
			packageReferences = (
				8535F5402CA5FE1600C987A8 /* XCRemoteSwiftPackageReference "Alamofire" */,
			);
			productRefGroup = 851094E02C99F1D700EFA427 /* Products */;
			projectDirPath = "";
			projectRoot = "";
			targets = (
				851094DE2C99F1D700EFA427 /* FakeStoreListDetail */,
				851094F42C99F1D800EFA427 /* FakeStoreListDetailTests */,
				851094FE2C99F1D800EFA427 /* FakeStoreListDetailUITests */,
			);
		};
/* End PBXProject section */

/* Begin PBXResourcesBuildPhase section */
		851094DD2C99F1D700EFA427 /* Resources */ = {
			isa = PBXResourcesBuildPhase;
			buildActionMask = 2147483647;
			files = (
				851094EC2C99F1D800EFA427 /* Assets.xcassets in Resources */,
				851094EF2C99F1D800EFA427 /* Base in Resources */,
				851095132C99F28200EFA427 /* List.storyboard in Resources */,
				8510951A2C99FCAA00EFA427 /* Detail.storyboard in Resources */,
			);
			runOnlyForDeploymentPostprocessing = 0;
		};
		851094F32C99F1D800EFA427 /* Resources */ = {
			isa = PBXResourcesBuildPhase;
			buildActionMask = 2147483647;
			files = (
			);
			runOnlyForDeploymentPostprocessing = 0;
		};
		851094FD2C99F1D800EFA427 /* Resources */ = {
			isa = PBXResourcesBuildPhase;
			buildActionMask = 2147483647;
			files = (
			);
			runOnlyForDeploymentPostprocessing = 0;
		};
/* End PBXResourcesBuildPhase section */

/* Begin PBXSourcesBuildPhase section */
		851094DB2C99F1D700EFA427 /* Sources */ = {
			isa = PBXSourcesBuildPhase;
			buildActionMask = 2147483647;
			files = (
				8535F5382CA5FA0C00C987A8 /* ProductsItemMapper.swift in Sources */,
				851094E72C99F1D700EFA427 /* ListViewController.swift in Sources */,
				8535F53A2CA5FA2E00C987A8 /* HTTPClient.swift in Sources */,
				850DA7F22CA9562900B76018 /* AFHTTPClientSingleton.swift in Sources */,
				8535F5442CA6801700C987A8 /* AFHTTPClient.swift in Sources */,
				851094E32C99F1D700EFA427 /* AppDelegate.swift in Sources */,
				851094E52C99F1D700EFA427 /* SceneDelegate.swift in Sources */,
				85E378512C9B7A4A005BF449 /* ProductsLoader.swift in Sources */,
				8535F53F2CA5FA6800C987A8 /* MockProductsLoader.swift in Sources */,
				8535F5352CA5F9E300C987A8 /* RemoteProductsLoader.swift in Sources */,
				851095182C99FCA200EFA427 /* DetailViewController.swift in Sources */,
				8535F53C2CA5FA4500C987A8 /* URLSessionHTTPClient.swift in Sources */,
			);
			runOnlyForDeploymentPostprocessing = 0;
		};
		851094F12C99F1D800EFA427 /* Sources */ = {
			isa = PBXSourcesBuildPhase;
			buildActionMask = 2147483647;
			files = (
				851094FA2C99F1D800EFA427 /* FakeStoreListDetailTests.swift in Sources */,
			);
			runOnlyForDeploymentPostprocessing = 0;
		};
		851094FB2C99F1D800EFA427 /* Sources */ = {
			isa = PBXSourcesBuildPhase;
			buildActionMask = 2147483647;
			files = (
				851095062C99F1D800EFA427 /* FakeStoreListDetailUITestsLaunchTests.swift in Sources */,
				851095042C99F1D800EFA427 /* FakeStoreListDetailUITests.swift in Sources */,
			);
			runOnlyForDeploymentPostprocessing = 0;
		};
/* End PBXSourcesBuildPhase section */

/* Begin PBXTargetDependency section */
		851094F72C99F1D800EFA427 /* PBXTargetDependency */ = {
			isa = PBXTargetDependency;
			target = 851094DE2C99F1D700EFA427 /* FakeStoreListDetail */;
			targetProxy = 851094F62C99F1D800EFA427 /* PBXContainerItemProxy */;
		};
		851095012C99F1D800EFA427 /* PBXTargetDependency */ = {
			isa = PBXTargetDependency;
			target = 851094DE2C99F1D700EFA427 /* FakeStoreListDetail */;
			targetProxy = 851095002C99F1D800EFA427 /* PBXContainerItemProxy */;
		};
/* End PBXTargetDependency section */

/* Begin PBXVariantGroup section */
		851094ED2C99F1D800EFA427 /* LaunchScreen.storyboard */ = {
			isa = PBXVariantGroup;
			children = (
				851094EE2C99F1D800EFA427 /* Base */,
			);
			name = LaunchScreen.storyboard;
			sourceTree = "<group>";
		};
/* End PBXVariantGroup section */

/* Begin XCBuildConfiguration section */
		851095072C99F1D800EFA427 /* Debug */ = {
			isa = XCBuildConfiguration;
			buildSettings = {
				ALWAYS_SEARCH_USER_PATHS = NO;
				ASSETCATALOG_COMPILER_GENERATE_SWIFT_ASSET_SYMBOL_EXTENSIONS = YES;
				CLANG_ANALYZER_NONNULL = YES;
				CLANG_ANALYZER_NUMBER_OBJECT_CONVERSION = YES_AGGRESSIVE;
				CLANG_CXX_LANGUAGE_STANDARD = "gnu++20";
				CLANG_ENABLE_MODULES = YES;
				CLANG_ENABLE_OBJC_ARC = YES;
				CLANG_ENABLE_OBJC_WEAK = YES;
				CLANG_WARN_BLOCK_CAPTURE_AUTORELEASING = YES;
				CLANG_WARN_BOOL_CONVERSION = YES;
				CLANG_WARN_COMMA = YES;
				CLANG_WARN_CONSTANT_CONVERSION = YES;
				CLANG_WARN_DEPRECATED_OBJC_IMPLEMENTATIONS = YES;
				CLANG_WARN_DIRECT_OBJC_ISA_USAGE = YES_ERROR;
				CLANG_WARN_DOCUMENTATION_COMMENTS = YES;
				CLANG_WARN_EMPTY_BODY = YES;
				CLANG_WARN_ENUM_CONVERSION = YES;
				CLANG_WARN_INFINITE_RECURSION = YES;
				CLANG_WARN_INT_CONVERSION = YES;
				CLANG_WARN_NON_LITERAL_NULL_CONVERSION = YES;
				CLANG_WARN_OBJC_IMPLICIT_RETAIN_SELF = YES;
				CLANG_WARN_OBJC_LITERAL_CONVERSION = YES;
				CLANG_WARN_OBJC_ROOT_CLASS = YES_ERROR;
				CLANG_WARN_QUOTED_INCLUDE_IN_FRAMEWORK_HEADER = YES;
				CLANG_WARN_RANGE_LOOP_ANALYSIS = YES;
				CLANG_WARN_STRICT_PROTOTYPES = YES;
				CLANG_WARN_SUSPICIOUS_MOVE = YES;
				CLANG_WARN_UNGUARDED_AVAILABILITY = YES_AGGRESSIVE;
				CLANG_WARN_UNREACHABLE_CODE = YES;
				CLANG_WARN__DUPLICATE_METHOD_MATCH = YES;
				COPY_PHASE_STRIP = NO;
				DEBUG_INFORMATION_FORMAT = dwarf;
				ENABLE_STRICT_OBJC_MSGSEND = YES;
				ENABLE_TESTABILITY = YES;
				ENABLE_USER_SCRIPT_SANDBOXING = YES;
				GCC_C_LANGUAGE_STANDARD = gnu17;
				GCC_DYNAMIC_NO_PIC = NO;
				GCC_NO_COMMON_BLOCKS = YES;
				GCC_OPTIMIZATION_LEVEL = 0;
				GCC_PREPROCESSOR_DEFINITIONS = (
					"DEBUG=1",
					"$(inherited)",
				);
				GCC_WARN_64_TO_32_BIT_CONVERSION = YES;
				GCC_WARN_ABOUT_RETURN_TYPE = YES_ERROR;
				GCC_WARN_UNDECLARED_SELECTOR = YES;
				GCC_WARN_UNINITIALIZED_AUTOS = YES_AGGRESSIVE;
				GCC_WARN_UNUSED_FUNCTION = YES;
				GCC_WARN_UNUSED_VARIABLE = YES;
				IPHONEOS_DEPLOYMENT_TARGET = 17.5;
				LOCALIZATION_PREFERS_STRING_CATALOGS = YES;
				MTL_ENABLE_DEBUG_INFO = INCLUDE_SOURCE;
				MTL_FAST_MATH = YES;
				ONLY_ACTIVE_ARCH = YES;
				SDKROOT = iphoneos;
				SWIFT_ACTIVE_COMPILATION_CONDITIONS = "DEBUG $(inherited)";
				SWIFT_OPTIMIZATION_LEVEL = "-Onone";
			};
			name = Debug;
		};
		851095082C99F1D800EFA427 /* Release */ = {
			isa = XCBuildConfiguration;
			buildSettings = {
				ALWAYS_SEARCH_USER_PATHS = NO;
				ASSETCATALOG_COMPILER_GENERATE_SWIFT_ASSET_SYMBOL_EXTENSIONS = YES;
				CLANG_ANALYZER_NONNULL = YES;
				CLANG_ANALYZER_NUMBER_OBJECT_CONVERSION = YES_AGGRESSIVE;
				CLANG_CXX_LANGUAGE_STANDARD = "gnu++20";
				CLANG_ENABLE_MODULES = YES;
				CLANG_ENABLE_OBJC_ARC = YES;
				CLANG_ENABLE_OBJC_WEAK = YES;
				CLANG_WARN_BLOCK_CAPTURE_AUTORELEASING = YES;
				CLANG_WARN_BOOL_CONVERSION = YES;
				CLANG_WARN_COMMA = YES;
				CLANG_WARN_CONSTANT_CONVERSION = YES;
				CLANG_WARN_DEPRECATED_OBJC_IMPLEMENTATIONS = YES;
				CLANG_WARN_DIRECT_OBJC_ISA_USAGE = YES_ERROR;
				CLANG_WARN_DOCUMENTATION_COMMENTS = YES;
				CLANG_WARN_EMPTY_BODY = YES;
				CLANG_WARN_ENUM_CONVERSION = YES;
				CLANG_WARN_INFINITE_RECURSION = YES;
				CLANG_WARN_INT_CONVERSION = YES;
				CLANG_WARN_NON_LITERAL_NULL_CONVERSION = YES;
				CLANG_WARN_OBJC_IMPLICIT_RETAIN_SELF = YES;
				CLANG_WARN_OBJC_LITERAL_CONVERSION = YES;
				CLANG_WARN_OBJC_ROOT_CLASS = YES_ERROR;
				CLANG_WARN_QUOTED_INCLUDE_IN_FRAMEWORK_HEADER = YES;
				CLANG_WARN_RANGE_LOOP_ANALYSIS = YES;
				CLANG_WARN_STRICT_PROTOTYPES = YES;
				CLANG_WARN_SUSPICIOUS_MOVE = YES;
				CLANG_WARN_UNGUARDED_AVAILABILITY = YES_AGGRESSIVE;
				CLANG_WARN_UNREACHABLE_CODE = YES;
				CLANG_WARN__DUPLICATE_METHOD_MATCH = YES;
				COPY_PHASE_STRIP = NO;
				DEBUG_INFORMATION_FORMAT = "dwarf-with-dsym";
				ENABLE_NS_ASSERTIONS = NO;
				ENABLE_STRICT_OBJC_MSGSEND = YES;
				ENABLE_USER_SCRIPT_SANDBOXING = YES;
				GCC_C_LANGUAGE_STANDARD = gnu17;
				GCC_NO_COMMON_BLOCKS = YES;
				GCC_WARN_64_TO_32_BIT_CONVERSION = YES;
				GCC_WARN_ABOUT_RETURN_TYPE = YES_ERROR;
				GCC_WARN_UNDECLARED_SELECTOR = YES;
				GCC_WARN_UNINITIALIZED_AUTOS = YES_AGGRESSIVE;
				GCC_WARN_UNUSED_FUNCTION = YES;
				GCC_WARN_UNUSED_VARIABLE = YES;
				IPHONEOS_DEPLOYMENT_TARGET = 17.5;
				LOCALIZATION_PREFERS_STRING_CATALOGS = YES;
				MTL_ENABLE_DEBUG_INFO = NO;
				MTL_FAST_MATH = YES;
				SDKROOT = iphoneos;
				SWIFT_COMPILATION_MODE = wholemodule;
				VALIDATE_PRODUCT = YES;
			};
			name = Release;
		};
		8510950A2C99F1D800EFA427 /* Debug */ = {
			isa = XCBuildConfiguration;
			buildSettings = {
				ASSETCATALOG_COMPILER_APPICON_NAME = AppIcon;
				ASSETCATALOG_COMPILER_GLOBAL_ACCENT_COLOR_NAME = AccentColor;
				CODE_SIGN_STYLE = Automatic;
				CURRENT_PROJECT_VERSION = 1;
				DEVELOPMENT_TEAM = 274M6WJ8NT;
				GENERATE_INFOPLIST_FILE = YES;
				INFOPLIST_FILE = FakeStoreListDetail/Info.plist;
				INFOPLIST_KEY_UIApplicationSupportsIndirectInputEvents = YES;
				INFOPLIST_KEY_UILaunchStoryboardName = LaunchScreen;
				INFOPLIST_KEY_UISupportedInterfaceOrientations_iPad = "UIInterfaceOrientationPortrait UIInterfaceOrientationPortraitUpsideDown UIInterfaceOrientationLandscapeLeft UIInterfaceOrientationLandscapeRight";
				INFOPLIST_KEY_UISupportedInterfaceOrientations_iPhone = "UIInterfaceOrientationPortrait UIInterfaceOrientationLandscapeLeft UIInterfaceOrientationLandscapeRight";
				LD_RUNPATH_SEARCH_PATHS = (
					"$(inherited)",
					"@executable_path/Frameworks",
				);
				MARKETING_VERSION = 1.0;
				PRODUCT_BUNDLE_IDENTIFIER = com.matteocasu.FakeStoreListDetail;
				PRODUCT_NAME = "$(TARGET_NAME)";
				SWIFT_EMIT_LOC_STRINGS = YES;
				SWIFT_VERSION = 5.0;
				TARGETED_DEVICE_FAMILY = "1,2";
			};
			name = Debug;
		};
		8510950B2C99F1D800EFA427 /* Release */ = {
			isa = XCBuildConfiguration;
			buildSettings = {
				ASSETCATALOG_COMPILER_APPICON_NAME = AppIcon;
				ASSETCATALOG_COMPILER_GLOBAL_ACCENT_COLOR_NAME = AccentColor;
				CODE_SIGN_STYLE = Automatic;
				CURRENT_PROJECT_VERSION = 1;
				DEVELOPMENT_TEAM = 274M6WJ8NT;
				GENERATE_INFOPLIST_FILE = YES;
				INFOPLIST_FILE = FakeStoreListDetail/Info.plist;
				INFOPLIST_KEY_UIApplicationSupportsIndirectInputEvents = YES;
				INFOPLIST_KEY_UILaunchStoryboardName = LaunchScreen;
				INFOPLIST_KEY_UISupportedInterfaceOrientations_iPad = "UIInterfaceOrientationPortrait UIInterfaceOrientationPortraitUpsideDown UIInterfaceOrientationLandscapeLeft UIInterfaceOrientationLandscapeRight";
				INFOPLIST_KEY_UISupportedInterfaceOrientations_iPhone = "UIInterfaceOrientationPortrait UIInterfaceOrientationLandscapeLeft UIInterfaceOrientationLandscapeRight";
				LD_RUNPATH_SEARCH_PATHS = (
					"$(inherited)",
					"@executable_path/Frameworks",
				);
				MARKETING_VERSION = 1.0;
				PRODUCT_BUNDLE_IDENTIFIER = com.matteocasu.FakeStoreListDetail;
				PRODUCT_NAME = "$(TARGET_NAME)";
				SWIFT_EMIT_LOC_STRINGS = YES;
				SWIFT_VERSION = 5.0;
				TARGETED_DEVICE_FAMILY = "1,2";
			};
			name = Release;
		};
		8510950D2C99F1D800EFA427 /* Debug */ = {
			isa = XCBuildConfiguration;
			buildSettings = {
				ALWAYS_EMBED_SWIFT_STANDARD_LIBRARIES = YES;
				BUNDLE_LOADER = "$(TEST_HOST)";
				CODE_SIGN_STYLE = Automatic;
				CURRENT_PROJECT_VERSION = 1;
				DEVELOPMENT_TEAM = 274M6WJ8NT;
				GENERATE_INFOPLIST_FILE = YES;
				IPHONEOS_DEPLOYMENT_TARGET = 17.5;
				MARKETING_VERSION = 1.0;
				PRODUCT_BUNDLE_IDENTIFIER = com.matteocasu.FakeStoreListDetailTests;
				PRODUCT_NAME = "$(TARGET_NAME)";
				SWIFT_EMIT_LOC_STRINGS = NO;
				SWIFT_VERSION = 5.0;
				TARGETED_DEVICE_FAMILY = "1,2";
				TEST_HOST = "$(BUILT_PRODUCTS_DIR)/FakeStoreListDetail.app/$(BUNDLE_EXECUTABLE_FOLDER_PATH)/FakeStoreListDetail";
			};
			name = Debug;
		};
		8510950E2C99F1D800EFA427 /* Release */ = {
			isa = XCBuildConfiguration;
			buildSettings = {
				ALWAYS_EMBED_SWIFT_STANDARD_LIBRARIES = YES;
				BUNDLE_LOADER = "$(TEST_HOST)";
				CODE_SIGN_STYLE = Automatic;
				CURRENT_PROJECT_VERSION = 1;
				DEVELOPMENT_TEAM = 274M6WJ8NT;
				GENERATE_INFOPLIST_FILE = YES;
				IPHONEOS_DEPLOYMENT_TARGET = 17.5;
				MARKETING_VERSION = 1.0;
				PRODUCT_BUNDLE_IDENTIFIER = com.matteocasu.FakeStoreListDetailTests;
				PRODUCT_NAME = "$(TARGET_NAME)";
				SWIFT_EMIT_LOC_STRINGS = NO;
				SWIFT_VERSION = 5.0;
				TARGETED_DEVICE_FAMILY = "1,2";
				TEST_HOST = "$(BUILT_PRODUCTS_DIR)/FakeStoreListDetail.app/$(BUNDLE_EXECUTABLE_FOLDER_PATH)/FakeStoreListDetail";
			};
			name = Release;
		};
		851095102C99F1D800EFA427 /* Debug */ = {
			isa = XCBuildConfiguration;
			buildSettings = {
				ALWAYS_EMBED_SWIFT_STANDARD_LIBRARIES = YES;
				CODE_SIGN_STYLE = Automatic;
				CURRENT_PROJECT_VERSION = 1;
				DEVELOPMENT_TEAM = 274M6WJ8NT;
				GENERATE_INFOPLIST_FILE = YES;
				MARKETING_VERSION = 1.0;
				PRODUCT_BUNDLE_IDENTIFIER = com.matteocasu.FakeStoreListDetailUITests;
				PRODUCT_NAME = "$(TARGET_NAME)";
				SWIFT_EMIT_LOC_STRINGS = NO;
				SWIFT_VERSION = 5.0;
				TARGETED_DEVICE_FAMILY = "1,2";
				TEST_TARGET_NAME = FakeStoreListDetail;
			};
			name = Debug;
		};
		851095112C99F1D800EFA427 /* Release */ = {
			isa = XCBuildConfiguration;
			buildSettings = {
				ALWAYS_EMBED_SWIFT_STANDARD_LIBRARIES = YES;
				CODE_SIGN_STYLE = Automatic;
				CURRENT_PROJECT_VERSION = 1;
				DEVELOPMENT_TEAM = 274M6WJ8NT;
				GENERATE_INFOPLIST_FILE = YES;
				MARKETING_VERSION = 1.0;
				PRODUCT_BUNDLE_IDENTIFIER = com.matteocasu.FakeStoreListDetailUITests;
				PRODUCT_NAME = "$(TARGET_NAME)";
				SWIFT_EMIT_LOC_STRINGS = NO;
				SWIFT_VERSION = 5.0;
				TARGETED_DEVICE_FAMILY = "1,2";
				TEST_TARGET_NAME = FakeStoreListDetail;
			};
			name = Release;
		};
/* End XCBuildConfiguration section */

/* Begin XCConfigurationList section */
		851094DA2C99F1D700EFA427 /* Build configuration list for PBXProject "FakeStoreListDetail" */ = {
			isa = XCConfigurationList;
			buildConfigurations = (
				851095072C99F1D800EFA427 /* Debug */,
				851095082C99F1D800EFA427 /* Release */,
			);
			defaultConfigurationIsVisible = 0;
			defaultConfigurationName = Release;
		};
		851095092C99F1D800EFA427 /* Build configuration list for PBXNativeTarget "FakeStoreListDetail" */ = {
			isa = XCConfigurationList;
			buildConfigurations = (
				8510950A2C99F1D800EFA427 /* Debug */,
				8510950B2C99F1D800EFA427 /* Release */,
			);
			defaultConfigurationIsVisible = 0;
			defaultConfigurationName = Release;
		};
		8510950C2C99F1D800EFA427 /* Build configuration list for PBXNativeTarget "FakeStoreListDetailTests" */ = {
			isa = XCConfigurationList;
			buildConfigurations = (
				8510950D2C99F1D800EFA427 /* Debug */,
				8510950E2C99F1D800EFA427 /* Release */,
			);
			defaultConfigurationIsVisible = 0;
			defaultConfigurationName = Release;
		};
		8510950F2C99F1D800EFA427 /* Build configuration list for PBXNativeTarget "FakeStoreListDetailUITests" */ = {
			isa = XCConfigurationList;
			buildConfigurations = (
				851095102C99F1D800EFA427 /* Debug */,
				851095112C99F1D800EFA427 /* Release */,
			);
			defaultConfigurationIsVisible = 0;
			defaultConfigurationName = Release;
		};
/* End XCConfigurationList section */

/* Begin XCRemoteSwiftPackageReference section */
		8535F5402CA5FE1600C987A8 /* XCRemoteSwiftPackageReference "Alamofire" */ = {
			isa = XCRemoteSwiftPackageReference;
			repositoryURL = "https://github.com/Alamofire/Alamofire?tab=readme-ov-file#swift-package-manager";
			requirement = {
				kind = upToNextMajorVersion;
				minimumVersion = 5.9.1;
			};
		};
/* End XCRemoteSwiftPackageReference section */

/* Begin XCSwiftPackageProductDependency section */
		8535F5412CA5FE1600C987A8 /* Alamofire */ = {
			isa = XCSwiftPackageProductDependency;
			package = 8535F5402CA5FE1600C987A8 /* XCRemoteSwiftPackageReference "Alamofire" */;
			productName = Alamofire;
		};
/* End XCSwiftPackageProductDependency section */
	};
	rootObject = 851094D72C99F1D700EFA427 /* Project object */;
}
